<?xml version="1.0" encoding="utf-8"?>
<Project ToolsVersion="4.0" xmlns="http://schemas.microsoft.com/developer/msbuild/2003">
  <ItemGroup>
    <Filter Include="Source Files">
      <UniqueIdentifier>{4FC737F1-C7A5-4376-A066-2A32D752A2FF}</UniqueIdentifier>
      <Extensions>cpp;c;cc;cxx;c++;cppm;ixx;def;odl;idl;hpj;bat;asm;asmx</Extensions>
    </Filter>
    <Filter Include="Resource Files">
      <UniqueIdentifier>{67DA6AB6-F800-4c08-8B7A-83BB121AAD01}</UniqueIdentifier>
      <Extensions>rc;ico;cur;bmp;dlg;rc2;rct;bin;rgs;gif;jpg;jpeg;jpe;resx;tiff;tif;png;wav;mfcribbon-ms</Extensions>
    </Filter>
    <Filter Include="Resource Files\Header Files">
      <UniqueIdentifier>{93995380-89BD-4b04-88EB-625FBE52EBFB}</UniqueIdentifier>
      <Extensions>h;hh;hpp;hxx;h++;hm;inl;inc;ipp;xsd</Extensions>
    </Filter>
  </ItemGroup>
  <ItemGroup>
    <ClCompile Include="HGSharnessapp.cpp">
      <Filter>Source Files</Filter>
    </ClCompile>
    <ClCompile Include="HGS_harness_program.cpp">
      <Filter>Source Files</Filter>
    </ClCompile>
    <ClCompile Include="VNNI.cpp">
      <Filter>Source Files</Filter>
    </ClCompile>
    <ClCompile Include="INT8.cpp">
      <Filter>Source Files</Filter>
    </ClCompile>
    <ClCompile Include="PAUSE.cpp">
      <Filter>Source Files</Filter>
    </ClCompile>
    <ClCompile Include="UserMWait.cpp">
      <Filter>Source Files</Filter>
    </ClCompile>
    <ClCompile Include="Class0.cpp">
      <Filter>Source Files</Filter>
    </ClCompile>
    <ClCompile Include="Class1.cpp">
      <Filter>Source Files</Filter>
    </ClCompile>
    <ClCompile Include="HarnessSleep.cpp">
      <Filter>Source Files</Filter>
    </ClCompile>
  </ItemGroup>
  <ItemGroup>
    <ClInclude Include="HGS_harness_program.h">
      <Filter>Resource Files\Header Files</Filter>
    </ClInclude>
    <ClInclude Include="VNNI.h">
      <Filter>Resource Files\Header Files</Filter>
    </ClInclude>
    <ClInclude Include="INT8.h">
      <Filter>Resource Files\Header Files</Filter>
    </ClInclude>
    <ClInclude Include="PAUSE.h">
      <Filter>Resource Files\Header Files</Filter>
    </ClInclude>
    <ClInclude Include="UserMWait.h">
      <Filter>Resource Files\Header Files</Filter>
    </ClInclude>
    <ClInclude Include="Class0.h">
      <Filter>Resource Files\Header Files</Filter>
    </ClInclude>
    <ClInclude Include="Class1.h">
      <Filter>Resource Files\Header Files</Filter>
    </ClInclude>
    <ClInclude Include="HarnessSleep.h">
      <Filter>Resource Files\Header Files</Filter>
    </ClInclude>
  </ItemGroup>
</Project>